
Microsoft Visual Studio Solution File, Format Version 12.00
# Visual Studio Version 17
VisualStudioVersion = 17.3.32825.248
MinimumVisualStudioVersion = 10.0.40219.1
Project("{FAE04EC0-301F-11D3-BF4B-00C04F79EFBC}") = "exLista2", "exLista2\exLista2.csproj", "{EA4A3B09-4D36-4703-B5A7-DD4BD7D5CF1F}"
EndProject
Global
	GlobalSection(SolutionConfigurationPlatforms) = preSolution
		Debug|Any CPU = Debug|Any CPU
		Release|Any CPU = Release|Any CPU
	EndGlobalSection
	GlobalSection(ProjectConfigurationPlatforms) = postSolution
		{EA4A3B09-4D36-4703-B5A7-DD4BD7D5CF1F}.Debug|Any CPU.ActiveCfg = Debug|Any CPU
		{EA4A3B09-4D36-4703-B5A7-DD4BD7D5CF1F}.Debug|Any CPU.Build.0 = Debug|Any CPU
		{EA4A3B09-4D36-4703-B5A7-DD4BD7D5CF1F}.Release|Any CPU.ActiveCfg = Release|Any CPU
		{EA4A3B09-4D36-4703-B5A7-DD4BD7D5CF1F}.Release|Any CPU.Build.0 = Release|Any CPU
	EndGlobalSection
	GlobalSection(SolutionProperties) = preSolution
		HideSolutionNode = FALSE
	EndGlobalSection
	GlobalSection(ExtensibilityGlobals) = postSolution
		SolutionGuid = {57ED8DE6-ED61-46B8-A261-51412113155D}
	EndGlobalSection
EndGlobal
